
Microsoft Visual Studio Solution File, Format Version 12.00
# Visual Studio 15
VisualStudioVersion = 15.0.28307.1169
MinimumVisualStudioVersion = 10.0.40219.1
Project("{FAE04EC0-301F-11D3-BF4B-00C04F79EFBC}") = "QuanLyVatLieuXayDung", "QuanLyVatLieuXayDung\QuanLyVatLieuXayDung.csproj", "{E8F20C88-F2A3-4F21-8F48-21FCE81A9765}"
EndProject
Project("{FAE04EC0-301F-11D3-BF4B-00C04F79EFBC}") = "ThuVien", "ThuVien\ThuVien.csproj", "{829A552F-AFA5-4F1E-BB67-3CA15F12E91A}"
EndProject
Project("{FAE04EC0-301F-11D3-BF4B-00C04F79EFBC}") = "DALL_BALL", "DALL_BALL\DALL_BALL.csproj", "{CABC5713-6A9F-4947-8EBA-5590D67A69AF}"
EndProject
Project("{54435603-DBB4-11D2-8724-00A0C9A8B90C}") = "Setup1", "Setup1\Setup1.vdproj", "{C9175A00-BBB1-4F0D-9F47-F4DAFAF6E6EE}"
EndProject
Global
	GlobalSection(SolutionConfigurationPlatforms) = preSolution
		All|Any CPU = All|Any CPU
		Debug|Any CPU = Debug|Any CPU
		Release|Any CPU = Release|Any CPU
	EndGlobalSection
	GlobalSection(ProjectConfigurationPlatforms) = postSolution
		{E8F20C88-F2A3-4F21-8F48-21FCE81A9765}.All|Any CPU.ActiveCfg = Release|Any CPU
		{E8F20C88-F2A3-4F21-8F48-21FCE81A9765}.All|Any CPU.Build.0 = Release|Any CPU
		{E8F20C88-F2A3-4F21-8F48-21FCE81A9765}.Debug|Any CPU.ActiveCfg = Debug|Any CPU
		{E8F20C88-F2A3-4F21-8F48-21FCE81A9765}.Debug|Any CPU.Build.0 = Debug|Any CPU
		{E8F20C88-F2A3-4F21-8F48-21FCE81A9765}.Release|Any CPU.ActiveCfg = Release|Any CPU
		{E8F20C88-F2A3-4F21-8F48-21FCE81A9765}.Release|Any CPU.Build.0 = Release|Any CPU
		{829A552F-AFA5-4F1E-BB67-3CA15F12E91A}.All|Any CPU.ActiveCfg = Release|Any CPU
		{829A552F-AFA5-4F1E-BB67-3CA15F12E91A}.All|Any CPU.Build.0 = Release|Any CPU
		{829A552F-AFA5-4F1E-BB67-3CA15F12E91A}.Debug|Any CPU.ActiveCfg = Debug|Any CPU
		{829A552F-AFA5-4F1E-BB67-3CA15F12E91A}.Debug|Any CPU.Build.0 = Debug|Any CPU
		{829A552F-AFA5-4F1E-BB67-3CA15F12E91A}.Release|Any CPU.ActiveCfg = Release|Any CPU
		{829A552F-AFA5-4F1E-BB67-3CA15F12E91A}.Release|Any CPU.Build.0 = Release|Any CPU
		{CABC5713-6A9F-4947-8EBA-5590D67A69AF}.All|Any CPU.ActiveCfg = Release|Any CPU
		{CABC5713-6A9F-4947-8EBA-5590D67A69AF}.All|Any CPU.Build.0 = Release|Any CPU
		{CABC5713-6A9F-4947-8EBA-5590D67A69AF}.Debug|Any CPU.ActiveCfg = Debug|Any CPU
		{CABC5713-6A9F-4947-8EBA-5590D67A69AF}.Debug|Any CPU.Build.0 = Debug|Any CPU
		{CABC5713-6A9F-4947-8EBA-5590D67A69AF}.Release|Any CPU.ActiveCfg = Release|Any CPU
		{CABC5713-6A9F-4947-8EBA-5590D67A69AF}.Release|Any CPU.Build.0 = Release|Any CPU
		{C9175A00-BBB1-4F0D-9F47-F4DAFAF6E6EE}.All|Any CPU.ActiveCfg = Release
		{C9175A00-BBB1-4F0D-9F47-F4DAFAF6E6EE}.Debug|Any CPU.ActiveCfg = Debug
		{C9175A00-BBB1-4F0D-9F47-F4DAFAF6E6EE}.Release|Any CPU.ActiveCfg = Release
	EndGlobalSection
	GlobalSection(SolutionProperties) = preSolution
		HideSolutionNode = FALSE
	EndGlobalSection
	GlobalSection(ExtensibilityGlobals) = postSolution
		SolutionGuid = {27502625-002C-4F68-8F23-4143C80F64C4}
	EndGlobalSection
EndGlobal
