
Microsoft Visual Studio Solution File, Format Version 12.00
# Visual Studio Version 16
VisualStudioVersion = 16.0.30225.117
MinimumVisualStudioVersion = 10.0.40219.1
Project("{9092AA53-FB77-4645-B42D-1CCCA6BD08BD}") = "APISql", "APISql\APISql.njsproj", "{F578CFC6-9094-420E-B413-3FA14F5FEFE2}"
EndProject
Global
	GlobalSection(SolutionConfigurationPlatforms) = preSolution
		Debug|Any CPU = Debug|Any CPU
		Release|Any CPU = Release|Any CPU
	EndGlobalSection
	GlobalSection(ProjectConfigurationPlatforms) = postSolution
		{F578CFC6-9094-420E-B413-3FA14F5FEFE2}.Debug|Any CPU.ActiveCfg = Debug|Any CPU
		{F578CFC6-9094-420E-B413-3FA14F5FEFE2}.Debug|Any CPU.Build.0 = Debug|Any CPU
		{F578CFC6-9094-420E-B413-3FA14F5FEFE2}.Release|Any CPU.ActiveCfg = Release|Any CPU
		{F578CFC6-9094-420E-B413-3FA14F5FEFE2}.Release|Any CPU.Build.0 = Release|Any CPU
	EndGlobalSection
	GlobalSection(SolutionProperties) = preSolution
		HideSolutionNode = FALSE
	EndGlobalSection
	GlobalSection(ExtensibilityGlobals) = postSolution
		SolutionGuid = {BCCDB92F-BBDD-4FA0-BE08-5CF5DFFBA4A8}
	EndGlobalSection
EndGlobal
